
Microsoft Visual Studio Solution File, Format Version 12.00
# Visual Studio Version 16
VisualStudioVersion = 16.0.29519.87
MinimumVisualStudioVersion = 10.0.40219.1
Project("{FAE04EC0-301F-11D3-BF4B-00C04F79EFBC}") = "HotelProject", "HotelProject\HotelProject.csproj", "{29158433-8654-431D-B9D1-D3953621A4EB}"
EndProject
Global
	GlobalSection(SolutionConfigurationPlatforms) = preSolution
		Debug|Any CPU = Debug|Any CPU
		Release|Any CPU = Release|Any CPU
	EndGlobalSection
	GlobalSection(ProjectConfigurationPlatforms) = postSolution
		{29158433-8654-431D-B9D1-D3953621A4EB}.Debug|Any CPU.ActiveCfg = Debug|Any CPU
		{29158433-8654-431D-B9D1-D3953621A4EB}.Debug|Any CPU.Build.0 = Debug|Any CPU
		{29158433-8654-431D-B9D1-D3953621A4EB}.Release|Any CPU.ActiveCfg = Release|Any CPU
		{29158433-8654-431D-B9D1-D3953621A4EB}.Release|Any CPU.Build.0 = Release|Any CPU
	EndGlobalSection
	GlobalSection(SolutionProperties) = preSolution
		HideSolutionNode = FALSE
	EndGlobalSection
	GlobalSection(ExtensibilityGlobals) = postSolution
		SolutionGuid = {062D0F06-D8D3-487D-8726-86ED993AA823}
	EndGlobalSection
EndGlobal
